
Microsoft Visual Studio Solution File, Format Version 12.00
# Visual Studio Version 17
VisualStudioVersion = 17.13.35919.96
MinimumVisualStudioVersion = 10.0.40219.1
Project("{FAE04EC0-301F-11D3-BF4B-00C04F79EFBC}") = "WebTrgovinaLibrary", "WebTrgovinaLibrary.csproj", "{6A37FC5D-F4D4-4E8A-B762-43EEC579D858}"
EndProject
Project("{FAE04EC0-301F-11D3-BF4B-00C04F79EFBC}") = "WebTrgovina", "..\WebTrgovina\WebTrgovina.csproj", "{A0FA4D7F-B252-4F40-A53C-0DD32BF42EC5}"
EndProject
Project("{FAE04EC0-301F-11D3-BF4B-00C04F79EFBC}") = "WebTrgovinaKupci", "..\WebTrgovinaKupci\WebTrgovinaKupci.csproj", "{040FB2FB-F7A6-4F16-B9AA-751FC3327EDA}"
EndProject
Global
	GlobalSection(SolutionConfigurationPlatforms) = preSolution
		Debug|Any CPU = Debug|Any CPU
		Release|Any CPU = Release|Any CPU
	EndGlobalSection
	GlobalSection(ProjectConfigurationPlatforms) = postSolution
		{6A37FC5D-F4D4-4E8A-B762-43EEC579D858}.Debug|Any CPU.ActiveCfg = Debug|Any CPU
		{6A37FC5D-F4D4-4E8A-B762-43EEC579D858}.Debug|Any CPU.Build.0 = Debug|Any CPU
		{6A37FC5D-F4D4-4E8A-B762-43EEC579D858}.Release|Any CPU.ActiveCfg = Release|Any CPU
		{6A37FC5D-F4D4-4E8A-B762-43EEC579D858}.Release|Any CPU.Build.0 = Release|Any CPU
		{A0FA4D7F-B252-4F40-A53C-0DD32BF42EC5}.Debug|Any CPU.ActiveCfg = Debug|Any CPU
		{A0FA4D7F-B252-4F40-A53C-0DD32BF42EC5}.Debug|Any CPU.Build.0 = Debug|Any CPU
		{A0FA4D7F-B252-4F40-A53C-0DD32BF42EC5}.Release|Any CPU.ActiveCfg = Release|Any CPU
		{A0FA4D7F-B252-4F40-A53C-0DD32BF42EC5}.Release|Any CPU.Build.0 = Release|Any CPU
		{040FB2FB-F7A6-4F16-B9AA-751FC3327EDA}.Debug|Any CPU.ActiveCfg = Debug|Any CPU
		{040FB2FB-F7A6-4F16-B9AA-751FC3327EDA}.Debug|Any CPU.Build.0 = Debug|Any CPU
		{040FB2FB-F7A6-4F16-B9AA-751FC3327EDA}.Release|Any CPU.ActiveCfg = Release|Any CPU
		{040FB2FB-F7A6-4F16-B9AA-751FC3327EDA}.Release|Any CPU.Build.0 = Release|Any CPU
	EndGlobalSection
	GlobalSection(SolutionProperties) = preSolution
		HideSolutionNode = FALSE
	EndGlobalSection
	GlobalSection(ExtensibilityGlobals) = postSolution
		SolutionGuid = {FD3A603D-9203-4962-BECF-54A601F984ED}
	EndGlobalSection
EndGlobal
